// !$*UTF8*$!
{
	archiveVersion = 1;
	classes = {
	};
	objectVersion = 46;
	objects = {

/* Begin PBXBuildFile section */
		55A523D61D17C4310076927F /* AppDelegate.swift in Sources */ = {isa = PBXBuildFile; fileRef = 55A523D51D17C4310076927F /* AppDelegate.swift */; };
		55A523D81D17C4310076927F /* ViewController.swift in Sources */ = {isa = PBXBuildFile; fileRef = 55A523D71D17C4310076927F /* ViewController.swift */; };
		55A523DB1D17C4310076927F /* Main.storyboard in Resources */ = {isa = PBXBuildFile; fileRef = 55A523D91D17C4310076927F /* Main.storyboard */; };
		55A523DD1D17C4310076927F /* Assets.xcassets in Resources */ = {isa = PBXBuildFile; fileRef = 55A523DC1D17C4310076927F /* Assets.xcassets */; };
		55A523E01D17C4310076927F /* LaunchScreen.storyboard in Resources */ = {isa = PBXBuildFile; fileRef = 55A523DE1D17C4310076927F /* LaunchScreen.storyboard */; };
		55A523E81D1862D50076927F /* AVFoundation.framework in Frameworks */ = {isa = PBXBuildFile; fileRef = 55A523E71D1862D50076927F /* AVFoundation.framework */; };
		55A523F11D18642C0076927F /* 1.m4v in Resources */ = {isa = PBXBuildFile; fileRef = 55A523ED1D18642C0076927F /* 1.m4v */; };
		55A523F21D18642C0076927F /* 2.m4v in Resources */ = {isa = PBXBuildFile; fileRef = 55A523EE1D18642C0076927F /* 2.m4v */; };
		55A523F31D18642C0076927F /* 3.m4v in Resources */ = {isa = PBXBuildFile; fileRef = 55A523EF1D18642C0076927F /* 3.m4v */; };
		55A523F41D18642C0076927F /* 4.m4v in Resources */ = {isa = PBXBuildFile; fileRef = 55A523F01D18642C0076927F /* 4.m4v */; };
/* End PBXBuildFile section */

/* Begin PBXFileReference section */
		55A523D21D17C4310076927F /* vid-stitcher.app */ = {isa = PBXFileReference; explicitFileType = wrapper.application; includeInIndex = 0; path = "vid-stitcher.app"; sourceTree = BUILT_PRODUCTS_DIR; };
		55A523D51D17C4310076927F /* AppDelegate.swift */ = {isa = PBXFileReference; lastKnownFileType = sourcecode.swift; path = AppDelegate.swift; sourceTree = "<group>"; };
		55A523D71D17C4310076927F /* ViewController.swift */ = {isa = PBXFileReference; lastKnownFileType = sourcecode.swift; path = ViewController.swift; sourceTree = "<group>"; };
		55A523DA1D17C4310076927F /* Base */ = {isa = PBXFileReference; lastKnownFileType = file.storyboard; name = Base; path = Base.lproj/Main.storyboard; sourceTree = "<group>"; };
		55A523DC1D17C4310076927F /* Assets.xcassets */ = {isa = PBXFileReference; lastKnownFileType = folder.assetcatalog; path = Assets.xcassets; sourceTree = "<group>"; };
		55A523DF1D17C4310076927F /* Base */ = {isa = PBXFileReference; lastKnownFileType = file.storyboard; name = Base; path = Base.lproj/LaunchScreen.storyboard; sourceTree = "<group>"; };
		55A523E11D17C4310076927F /* Info.plist */ = {isa = PBXFileReference; lastKnownFileType = text.plist.xml; path = Info.plist; sourceTree = "<group>"; };
		55A523E71D1862D50076927F /* AVFoundation.framework */ = {isa = PBXFileReference; lastKnownFileType = wrapper.framework; name = AVFoundation.framework; path = System/Library/Frameworks/AVFoundation.framework; sourceTree = SDKROOT; };
		55A523ED1D18642C0076927F /* 1.m4v */ = {isa = PBXFileReference; lastKnownFileType = file; path = 1.m4v; sourceTree = "<group>"; };
		55A523EE1D18642C0076927F /* 2.m4v */ = {isa = PBXFileReference; lastKnownFileType = file; path = 2.m4v; sourceTree = "<group>"; };
		55A523EF1D18642C0076927F /* 3.m4v */ = {isa = PBXFileReference; lastKnownFileType = file; path = 3.m4v; sourceTree = "<group>"; };
		55A523F01D18642C0076927F /* 4.m4v */ = {isa = PBXFileReference; lastKnownFileType = file; path = 4.m4v; sourceTree = "<group>"; };
/* End PBXFileReference section */

/* Begin PBXFrameworksBuildPhase section */
		55A523CF1D17C4310076927F /* Frameworks */ = {
			isa = PBXFrameworksBuildPhase;
			buildActionMask = 2147483647;
			files = (
				55A523E81D1862D50076927F /* AVFoundation.framework in Frameworks */,
			);
			runOnlyForDeploymentPostprocessing = 0;
		};
/* End PBXFrameworksBuildPhase section */

/* Begin PBXGroup section */
		55A523C91D17C4310076927F = {
			isa = PBXGroup;
			children = (
				55A523E71D1862D50076927F /* AVFoundation.framework */,
				55A523D41D17C4310076927F /* vid-stitcher */,
				55A523D31D17C4310076927F /* Products */,
			);
			sourceTree = "<group>";
		};
		55A523D31D17C4310076927F /* Products */ = {
			isa = PBXGroup;
			children = (
				55A523D21D17C4310076927F /* vid-stitcher.app */,
			);
			name = Products;
			sourceTree = "<group>";
		};
		55A523D41D17C4310076927F /* vid-stitcher */ = {
			isa = PBXGroup;
			children = (
				55A523ED1D18642C0076927F /* 1.m4v */,
				55A523EE1D18642C0076927F /* 2.m4v */,
				55A523EF1D18642C0076927F /* 3.m4v */,
				55A523F01D18642C0076927F /* 4.m4v */,
				55A523D51D17C4310076927F /* AppDelegate.swift */,
				55A523D71D17C4310076927F /* ViewController.swift */,
				55A523D91D17C4310076927F /* Main.storyboard */,
				55A523DC1D17C4310076927F /* Assets.xcassets */,
				55A523DE1D17C4310076927F /* LaunchScreen.storyboard */,
				55A523E11D17C4310076927F /* Info.plist */,
			);
			path = "vid-stitcher";
			sourceTree = "<group>";
		};
/* End PBXGroup section */

/* Begin PBXNativeTarget section */
		55A523D11D17C4310076927F /* vid-stitcher */ = {
			isa = PBXNativeTarget;
			buildConfigurationList = 55A523E41D17C4310076927F /* Build configuration list for PBXNativeTarget "vid-stitcher" */;
			buildPhases = (
				55A523CE1D17C4310076927F /* Sources */,
				55A523CF1D17C4310076927F /* Frameworks */,
				55A523D01D17C4310076927F /* Resources */,
			);
			buildRules = (
			);
			dependencies = (
			);
			name = "vid-stitcher";
			productName = "vid-stitcher";
			productReference = 55A523D21D17C4310076927F /* vid-stitcher.app */;
			productType = "com.apple.product-type.application";
		};
/* End PBXNativeTarget section */

/* Begin PBXProject section */
		55A523CA1D17C4310076927F /* Project object */ = {
			isa = PBXProject;
			attributes = {
				LastSwiftUpdateCheck = 0730;
				LastUpgradeCheck = 0730;
				ORGANIZATIONNAME = "Nuclei Technologies";
				TargetAttributes = {
					55A523D11D17C4310076927F = {
						CreatedOnToolsVersion = 7.3.1;
						DevelopmentTeam = 4H3FTBM4HA;
					};
				};
			};
			buildConfigurationList = 55A523CD1D17C4310076927F /* Build configuration list for PBXProject "vid-stitcher" */;
			compatibilityVersion = "Xcode 3.2";
			developmentRegion = English;
			hasScannedForEncodings = 0;
			knownRegions = (
				en,
				Base,
			);
			mainGroup = 55A523C91D17C4310076927F;
			productRefGroup = 55A523D31D17C4310076927F /* Products */;
			projectDirPath = "";
			projectRoot = "";
			targets = (
				55A523D11D17C4310076927F /* vid-stitcher */,
			);
		};
/* End PBXProject section */

/* Begin PBXResourcesBuildPhase section */
		55A523D01D17C4310076927F /* Resources */ = {
			isa = PBXResourcesBuildPhase;
			buildActionMask = 2147483647;
			files = (
				55A523E01D17C4310076927F /* LaunchScreen.storyboard in Resources */,
				55A523F41D18642C0076927F /* 4.m4v in Resources */,
				55A523DD1D17C4310076927F /* Assets.xcassets in Resources */,
				55A523DB1D17C4310076927F /* Main.storyboard in Resources */,
				55A523F31D18642C0076927F /* 3.m4v in Resources */,
				55A523F21D18642C0076927F /* 2.m4v in Resources */,
				55A523F11D18642C0076927F /* 1.m4v in Resources */,
			);
			runOnlyForDeploymentPostprocessing = 0;
		};
/* End PBXResourcesBuildPhase section */

/* Begin PBXSourcesBuildPhase section */
		55A523CE1D17C4310076927F /* Sources */ = {
			isa = PBXSourcesBuildPhase;
			buildActionMask = 2147483647;
			files = (
				55A523D81D17C4310076927F /* ViewController.swift in Sources */,
				55A523D61D17C4310076927F /* AppDelegate.swift in Sources */,
			);
			runOnlyForDeploymentPostprocessing = 0;
		};
/* End PBXSourcesBuildPhase section */

/* Begin PBXVariantGroup section */
		55A523D91D17C4310076927F /* Main.storyboard */ = {
			isa = PBXVariantGroup;
			children = (
				55A523DA1D17C4310076927F /* Base */,
			);
			name = Main.storyboard;
			sourceTree = "<group>";
		};
		55A523DE1D17C4310076927F /* LaunchScreen.storyboard */ = {
			isa = PBXVariantGroup;
			children = (
				55A523DF1D17C4310076927F /* Base */,
			);
			name = LaunchScreen.storyboard;
			sourceTree = "<group>";
		};
/* End PBXVariantGroup section */

/* Begin XCBuildConfiguration section */
		55A523E21D17C4310076927F /* Debug */ = {
			isa = XCBuildConfiguration;
			buildSettings = {
				ALWAYS_SEARCH_USER_PATHS = NO;
				CLANG_ANALYZER_NONNULL = YES;
				CLANG_CXX_LANGUAGE_STANDARD = "gnu++0x";
				CLANG_CXX_LIBRARY = "libc++";
				CLANG_ENABLE_MODULES = YES;
				CLANG_ENABLE_OBJC_ARC = YES;
				CLANG_WARN_BOOL_CONVERSION = YES;
				CLANG_WARN_CONSTANT_CONVERSION = YES;
				CLANG_WARN_DIRECT_OBJC_ISA_USAGE = YES_ERROR;
				CLANG_WARN_EMPTY_BODY = YES;
				CLANG_WARN_ENUM_CONVERSION = YES;
				CLANG_WARN_INT_CONVERSION = YES;
				CLANG_WARN_OBJC_ROOT_CLASS = YES_ERROR;
				CLANG_WARN_UNREACHABLE_CODE = YES;
				CLANG_WARN__DUPLICATE_METHOD_MATCH = YES;
				"CODE_SIGN_IDENTITY[sdk=iphoneos*]" = "iPhone Developer";
				COPY_PHASE_STRIP = NO;
				DEBUG_INFORMATION_FORMAT = dwarf;
				ENABLE_STRICT_OBJC_MSGSEND = YES;
				ENABLE_TESTABILITY = YES;
				GCC_C_LANGUAGE_STANDARD = gnu99;
				GCC_DYNAMIC_NO_PIC = NO;
				GCC_NO_COMMON_BLOCKS = YES;
				GCC_OPTIMIZATION_LEVEL = 0;
				GCC_PREPROCESSOR_DEFINITIONS = (
					"DEBUG=1",
					"$(inherited)",
				);
				GCC_WARN_64_TO_32_BIT_CONVERSION = YES;
				GCC_WARN_ABOUT_RETURN_TYPE = YES_ERROR;
				GCC_WARN_UNDECLARED_SELECTOR = YES;
				GCC_WARN_UNINITIALIZED_AUTOS = YES_AGGRESSIVE;
				GCC_WARN_UNUSED_FUNCTION = YES;
				GCC_WARN_UNUSED_VARIABLE = YES;
				IPHONEOS_DEPLOYMENT_TARGET = 9.3;
				MTL_ENABLE_DEBUG_INFO = YES;
				ONLY_ACTIVE_ARCH = YES;
				SDKROOT = iphoneos;
				SWIFT_OPTIMIZATION_LEVEL = "-Onone";
				TARGETED_DEVICE_FAMILY = "1,2";
			};
			name = Debug;
		};
		55A523E31D17C4310076927F /* Release */ = {
			isa = XCBuildConfiguration;
			buildSettings = {
				ALWAYS_SEARCH_USER_PATHS = NO;
				CLANG_ANALYZER_NONNULL = YES;
				CLANG_CXX_LANGUAGE_STANDARD = "gnu++0x";
				CLANG_CXX_LIBRARY = "libc++";
				CLANG_ENABLE_MODULES = YES;
				CLANG_ENABLE_OBJC_ARC = YES;
				CLANG_WARN_BOOL_CONVERSION = YES;
				CLANG_WARN_CONSTANT_CONVERSION = YES;
				CLANG_WARN_DIRECT_OBJC_ISA_USAGE = YES_ERROR;
				CLANG_WARN_EMPTY_BODY = YES;
				CLANG_WARN_ENUM_CONVERSION = YES;
				CLANG_WARN_INT_CONVERSION = YES;
				CLANG_WARN_OBJC_ROOT_CLASS = YES_ERROR;
				CLANG_WARN_UNREACHABLE_CODE = YES;
				CLANG_WARN__DUPLICATE_METHOD_MATCH = YES;
				"CODE_SIGN_IDENTITY[sdk=iphoneos*]" = "iPhone Developer";
				COPY_PHASE_STRIP = NO;
				DEBUG_INFORMATION_FORMAT = "dwarf-with-dsym";
				ENABLE_NS_ASSERTIONS = NO;
				ENABLE_STRICT_OBJC_MSGSEND = YES;
				GCC_C_LANGUAGE_STANDARD = gnu99;
				GCC_NO_COMMON_BLOCKS = YES;
				GCC_WARN_64_TO_32_BIT_CONVERSION = YES;
				GCC_WARN_ABOUT_RETURN_TYPE = YES_ERROR;
				GCC_WARN_UNDECLARED_SELECTOR = YES;
				GCC_WARN_UNINITIALIZED_AUTOS = YES_AGGRESSIVE;
				GCC_WARN_UNUSED_FUNCTION = YES;
				GCC_WARN_UNUSED_VARIABLE = YES;
				IPHONEOS_DEPLOYMENT_TARGET = 9.3;
				MTL_ENABLE_DEBUG_INFO = NO;
				SDKROOT = iphoneos;
				TARGETED_DEVICE_FAMILY = "1,2";
				VALIDATE_PRODUCT = YES;
			};
			name = Release;
		};
		55A523E51D17C4310076927F /* Debug */ = {
			isa = XCBuildConfiguration;
			buildSettings = {
				ASSETCATALOG_COMPILER_APPICON_NAME = AppIcon;
				CODE_SIGN_IDENTITY = "iPhone Developer";
				INFOPLIST_FILE = "vid-stitcher/Info.plist";
				LD_RUNPATH_SEARCH_PATHS = "$(inherited) @executable_path/Frameworks";
				PRODUCT_BUNDLE_IDENTIFIER = "tech.nuclei.ios.vid-stitcher";
				PRODUCT_NAME = "$(TARGET_NAME)";
			};
			name = Debug;
		};
		55A523E61D17C4310076927F /* Release */ = {
			isa = XCBuildConfiguration;
			buildSettings = {
				ASSETCATALOG_COMPILER_APPICON_NAME = AppIcon;
				CODE_SIGN_IDENTITY = "iPhone Developer";
				INFOPLIST_FILE = "vid-stitcher/Info.plist";
				LD_RUNPATH_SEARCH_PATHS = "$(inherited) @executable_path/Frameworks";
				PRODUCT_BUNDLE_IDENTIFIER = "tech.nuclei.ios.vid-stitcher";
				PRODUCT_NAME = "$(TARGET_NAME)";
			};
			name = Release;
		};
/* End XCBuildConfiguration section */

/* Begin XCConfigurationList section */
		55A523CD1D17C4310076927F /* Build configuration list for PBXProject "vid-stitcher" */ = {
			isa = XCConfigurationList;
			buildConfigurations = (
				55A523E21D17C4310076927F /* Debug */,
				55A523E31D17C4310076927F /* Release */,
			);
			defaultConfigurationIsVisible = 0;
			defaultConfigurationName = Release;
		};
		55A523E41D17C4310076927F /* Build configuration list for PBXNativeTarget "vid-stitcher" */ = {
			isa = XCConfigurationList;
			buildConfigurations = (
				55A523E51D17C4310076927F /* Debug */,
				55A523E61D17C4310076927F /* Release */,
			);
			defaultConfigurationIsVisible = 0;
		};
/* End XCConfigurationList section */
	};
	rootObject = 55A523CA1D17C4310076927F /* Project object */;
}
